Microsoft Visual Studio Solution File, Format Version 12.00
# Visual Studio 15
VisualStudioVersion = 15.0.26923.0
MinimumVisualStudioVersion = 15.0.26124.0
Project("{D954291E-2A0B-460D-934E-DC6B0785DB48}") = "WeddingPhotos.Mobile", "Source\WeddingPhotos.Mobile\WeddingPhotos.Mobile.shproj", "{AE6655A9-465D-425E-A832-0B2388E3775A}"
EndProject
Project("{FAE04EC0-301F-11D3-BF4B-00C04F79EFBC}") = "WeddingPhotos.Mobile.iOS", "Source\WeddingPhotos.Mobile.iOS\WeddingPhotos.Mobile.iOS.csproj", "{F43D8633-9C5F-45BF-A857-841C6E752D57}"
EndProject
Project("{FAE04EC0-301F-11D3-BF4B-00C04F79EFBC}") = "WeddingPhotos.Mobile.Android", "Source\WeddingPhotos.Mobile.Android\WeddingPhotos.Mobile.Android.csproj", "{9D63EA14-94C8-4AA9-AB8F-03832D692370}"
EndProject
Project("{2150E333-8FDC-42A3-9474-1A3956D46DE8}") = "Solution Items", "Solution Items", "{8AD58173-EBDB-4967-A448-E32D223A65D4}"
	ProjectSection(SolutionItems) = preProject
		nuget.config = nuget.config
	EndProjectSection
EndProject
Global
	GlobalSection(SharedMSBuildProjectFiles) = preSolution
		Source\WeddingPhotos.Mobile\WeddingPhotos.Mobile.projitems*{9d63ea14-94c8-4aa9-ab8f-03832d692370}*SharedItemsImports = 4
		Source\WeddingPhotos.Mobile\WeddingPhotos.Mobile.projitems*{ae6655a9-465d-425e-a832-0b2388e3775a}*SharedItemsImports = 13
		Source\WeddingPhotos.Mobile\WeddingPhotos.Mobile.projitems*{f43d8633-9c5f-45bf-a857-841c6e752d57}*SharedItemsImports = 4
	EndGlobalSection
	GlobalSection(SolutionConfigurationPlatforms) = preSolution
		Ad-Hoc|Any CPU = Ad-Hoc|Any CPU
		Ad-Hoc|iPhone = Ad-Hoc|iPhone
		Ad-Hoc|iPhoneSimulator = Ad-Hoc|iPhoneSimulator
		AppStore|Any CPU = AppStore|Any CPU
		AppStore|iPhone = AppStore|iPhone
		AppStore|iPhoneSimulator = AppStore|iPhoneSimulator
		Debug|Any CPU = Debug|Any CPU
		Debug|iPhone = Debug|iPhone
		Debug|iPhoneSimulator = Debug|iPhoneSimulator
		Release|Any CPU = Release|Any CPU
		Release|iPhone = Release|iPhone
		Release|iPhoneSimulator = Release|iPhoneSimulator
	EndGlobalSection
	GlobalSection(ProjectConfigurationPlatforms) = postSolution
		{F43D8633-9C5F-45BF-A857-841C6E752D57}.Ad-Hoc|Any CPU.ActiveCfg = Ad-Hoc|iPhone
		{F43D8633-9C5F-45BF-A857-841C6E752D57}.Ad-Hoc|iPhone.ActiveCfg = Ad-Hoc|iPhone
		{F43D8633-9C5F-45BF-A857-841C6E752D57}.Ad-Hoc|iPhone.Build.0 = Ad-Hoc|iPhone
		{F43D8633-9C5F-45BF-A857-841C6E752D57}.Ad-Hoc|iPhoneSimulator.ActiveCfg = Ad-Hoc|iPhoneSimulator
		{F43D8633-9C5F-45BF-A857-841C6E752D57}.Ad-Hoc|iPhoneSimulator.Build.0 = Ad-Hoc|iPhoneSimulator
		{F43D8633-9C5F-45BF-A857-841C6E752D57}.AppStore|Any CPU.ActiveCfg = AppStore|iPhone
		{F43D8633-9C5F-45BF-A857-841C6E752D57}.AppStore|iPhone.ActiveCfg = AppStore|iPhone
		{F43D8633-9C5F-45BF-A857-841C6E752D57}.AppStore|iPhone.Build.0 = AppStore|iPhone
		{F43D8633-9C5F-45BF-A857-841C6E752D57}.AppStore|iPhoneSimulator.ActiveCfg = AppStore|iPhoneSimulator
		{F43D8633-9C5F-45BF-A857-841C6E752D57}.AppStore|iPhoneSimulator.Build.0 = AppStore|iPhoneSimulator
		{F43D8633-9C5F-45BF-A857-841C6E752D57}.Debug|Any CPU.ActiveCfg = Debug|iPhone
		{F43D8633-9C5F-45BF-A857-841C6E752D57}.Debug|iPhone.ActiveCfg = Debug|iPhone
		{F43D8633-9C5F-45BF-A857-841C6E752D57}.Debug|iPhone.Build.0 = Debug|iPhone
		{F43D8633-9C5F-45BF-A857-841C6E752D57}.Debug|iPhoneSimulator.ActiveCfg = Debug|iPhoneSimulator
		{F43D8633-9C5F-45BF-A857-841C6E752D57}.Debug|iPhoneSimulator.Build.0 = Debug|iPhoneSimulator
		{F43D8633-9C5F-45BF-A857-841C6E752D57}.Release|Any CPU.ActiveCfg = Release|iPhone
		{F43D8633-9C5F-45BF-A857-841C6E752D57}.Release|iPhone.ActiveCfg = Release|iPhone
		{F43D8633-9C5F-45BF-A857-841C6E752D57}.Release|iPhone.Build.0 = Release|iPhone
		{F43D8633-9C5F-45BF-A857-841C6E752D57}.Release|iPhoneSimulator.ActiveCfg = Release|iPhoneSimulator
		{F43D8633-9C5F-45BF-A857-841C6E752D57}.Release|iPhoneSimulator.Build.0 = Release|iPhoneSimulator
		{9D63EA14-94C8-4AA9-AB8F-03832D692370}.Ad-Hoc|Any CPU.ActiveCfg = Release|Any CPU
		{9D63EA14-94C8-4AA9-AB8F-03832D692370}.Ad-Hoc|Any CPU.Build.0 = Release|Any CPU
		{9D63EA14-94C8-4AA9-AB8F-03832D692370}.Ad-Hoc|Any CPU.Deploy.0 = Release|Any CPU
		{9D63EA14-94C8-4AA9-AB8F-03832D692370}.Ad-Hoc|iPhone.ActiveCfg = Release|Any CPU
		{9D63EA14-94C8-4AA9-AB8F-03832D692370}.Ad-Hoc|iPhone.Build.0 = Release|Any CPU
		{9D63EA14-94C8-4AA9-AB8F-03832D692370}.Ad-Hoc|iPhone.Deploy.0 = Release|Any CPU
		{9D63EA14-94C8-4AA9-AB8F-03832D692370}.Ad-Hoc|iPhoneSimulator.ActiveCfg = Release|Any CPU
		{9D63EA14-94C8-4AA9-AB8F-03832D692370}.Ad-Hoc|iPhoneSimulator.Build.0 = Release|Any CPU
		{9D63EA14-94C8-4AA9-AB8F-03832D692370}.Ad-Hoc|iPhoneSimulator.Deploy.0 = Release|Any CPU
		{9D63EA14-94C8-4AA9-AB8F-03832D692370}.AppStore|Any CPU.ActiveCfg = Release|Any CPU
		{9D63EA14-94C8-4AA9-AB8F-03832D692370}.AppStore|Any CPU.Build.0 = Release|Any CPU
		{9D63EA14-94C8-4AA9-AB8F-03832D692370}.AppStore|Any CPU.Deploy.0 = Release|Any CPU
		{9D63EA14-94C8-4AA9-AB8F-03832D692370}.AppStore|iPhone.ActiveCfg = Release|Any CPU
		{9D63EA14-94C8-4AA9-AB8F-03832D692370}.AppStore|iPhone.Build.0 = Release|Any CPU
		{9D63EA14-94C8-4AA9-AB8F-03832D692370}.AppStore|iPhone.Deploy.0 = Release|Any CPU
		{9D63EA14-94C8-4AA9-AB8F-03832D692370}.AppStore|iPhoneSimulator.ActiveCfg = Release|Any CPU
		{9D63EA14-94C8-4AA9-AB8F-03832D692370}.AppStore|iPhoneSimulator.Build.0 = Release|Any CPU
		{9D63EA14-94C8-4AA9-AB8F-03832D692370}.AppStore|iPhoneSimulator.Deploy.0 = Release|Any CPU
		{9D63EA14-94C8-4AA9-AB8F-03832D692370}.Debug|Any CPU.ActiveCfg = Debug|Any CPU
		{9D63EA14-94C8-4AA9-AB8F-03832D692370}.Debug|Any CPU.Build.0 = Debug|Any CPU
		{9D63EA14-94C8-4AA9-AB8F-03832D692370}.Debug|Any CPU.Deploy.0 = Debug|Any CPU
		{9D63EA14-94C8-4AA9-AB8F-03832D692370}.Debug|iPhone.ActiveCfg = Debug|Any CPU
		{9D63EA14-94C8-4AA9-AB8F-03832D692370}.Debug|iPhone.Build.0 = Debug|Any CPU
		{9D63EA14-94C8-4AA9-AB8F-03832D692370}.Debug|iPhone.Deploy.0 = Debug|Any CPU
		{9D63EA14-94C8-4AA9-AB8F-03832D692370}.Debug|iPhoneSimulator.ActiveCfg = Debug|Any CPU
		{9D63EA14-94C8-4AA9-AB8F-03832D692370}.Debug|iPhoneSimulator.Build.0 = Debug|Any CPU
		{9D63EA14-94C8-4AA9-AB8F-03832D692370}.Debug|iPhoneSimulator.Deploy.0 = Debug|Any CPU
		{9D63EA14-94C8-4AA9-AB8F-03832D692370}.Release|Any CPU.ActiveCfg = Release|Any CPU
		{9D63EA14-94C8-4AA9-AB8F-03832D692370}.Release|Any CPU.Build.0 = Release|Any CPU
		{9D63EA14-94C8-4AA9-AB8F-03832D692370}.Release|Any CPU.Deploy.0 = Release|Any CPU
		{9D63EA14-94C8-4AA9-AB8F-03832D692370}.Release|iPhone.ActiveCfg = Release|Any CPU
		{9D63EA14-94C8-4AA9-AB8F-03832D692370}.Release|iPhone.Build.0 = Release|Any CPU
		{9D63EA14-94C8-4AA9-AB8F-03832D692370}.Release|iPhone.Deploy.0 = Release|Any CPU
		{9D63EA14-94C8-4AA9-AB8F-03832D692370}.Release|iPhoneSimulator.ActiveCfg = Release|Any CPU
		{9D63EA14-94C8-4AA9-AB8F-03832D692370}.Release|iPhoneSimulator.Build.0 = Release|Any CPU
		{9D63EA14-94C8-4AA9-AB8F-03832D692370}.Release|iPhoneSimulator.Deploy.0 = Release|Any CPU
	EndGlobalSection
	GlobalSection(SolutionProperties) = preSolution
		HideSolutionNode = FALSE
	EndGlobalSection
	GlobalSection(ExtensibilityGlobals) = postSolution
		SolutionGuid = {E7A97E3E-83B7-4D06-B3A1-31390A40A94A}
	EndGlobalSection
EndGlobal
