Microsoft Visual Studio Solution File, Format Version 12.00
# Visual Studio 15
VisualStudioVersion = 15.0.26923.0
MinimumVisualStudioVersion = 15.0.26124.0
Project("{D954291E-2A0B-460D-934E-DC6B0785DB48}") = "WeddingPhotos.Mobile", "Source\MobileApp\WeddingPhotos.Mobile\WeddingPhotos.Mobile.shproj", "{AE6655A9-465D-425E-A832-0B2388E3775A}"
EndProject
Project("{FAE04EC0-301F-11D3-BF4B-00C04F79EFBC}") = "WeddingPhotos.Mobile.iOS", "Source\MobileApp\WeddingPhotos.Mobile.iOS\WeddingPhotos.Mobile.iOS.csproj", "{32F562A3-9B8E-43D0-B74B-B5C190003430}"
EndProject
Project("{FAE04EC0-301F-11D3-BF4B-00C04F79EFBC}") = "WeddingPhotos.Mobile.Android", "Source\MobileApp\WeddingPhotos.Mobile.Android\WeddingPhotos.Mobile.Android.csproj", "{78BC24DA-10DF-479B-A783-9204907832C5}"
EndProject
Global
	GlobalSection(SharedMSBuildProjectFiles) = preSolution
		Source\MobileApp\WeddingPhotos.Mobile\WeddingPhotos.Mobile.projitems*{32f562a3-9b8e-43d0-b74b-b5c190003430}*SharedItemsImports = 4
		Source\MobileApp\WeddingPhotos.Mobile\WeddingPhotos.Mobile.projitems*{78bc24da-10df-479b-a783-9204907832c5}*SharedItemsImports = 4
		Source\MobileApp\WeddingPhotos.Mobile\WeddingPhotos.Mobile.projitems*{ae6655a9-465d-425e-a832-0b2388e3775a}*SharedItemsImports = 13
	EndGlobalSection
	GlobalSection(SolutionConfigurationPlatforms) = preSolution
		Ad-Hoc|Any CPU = Ad-Hoc|Any CPU
		Ad-Hoc|iPhone = Ad-Hoc|iPhone
		Ad-Hoc|iPhoneSimulator = Ad-Hoc|iPhoneSimulator
		AppStore|Any CPU = AppStore|Any CPU
		AppStore|iPhone = AppStore|iPhone
		AppStore|iPhoneSimulator = AppStore|iPhoneSimulator
		Debug|Any CPU = Debug|Any CPU
		Debug|iPhone = Debug|iPhone
		Debug|iPhoneSimulator = Debug|iPhoneSimulator
		Release|Any CPU = Release|Any CPU
		Release|iPhone = Release|iPhone
		Release|iPhoneSimulator = Release|iPhoneSimulator
	EndGlobalSection
	GlobalSection(ProjectConfigurationPlatforms) = postSolution
		{32F562A3-9B8E-43D0-B74B-B5C190003430}.Ad-Hoc|Any CPU.ActiveCfg = Ad-Hoc|iPhone
		{32F562A3-9B8E-43D0-B74B-B5C190003430}.Ad-Hoc|iPhone.ActiveCfg = Ad-Hoc|iPhone
		{32F562A3-9B8E-43D0-B74B-B5C190003430}.Ad-Hoc|iPhone.Build.0 = Ad-Hoc|iPhone
		{32F562A3-9B8E-43D0-B74B-B5C190003430}.Ad-Hoc|iPhoneSimulator.ActiveCfg = Ad-Hoc|iPhoneSimulator
		{32F562A3-9B8E-43D0-B74B-B5C190003430}.Ad-Hoc|iPhoneSimulator.Build.0 = Ad-Hoc|iPhoneSimulator
		{32F562A3-9B8E-43D0-B74B-B5C190003430}.AppStore|Any CPU.ActiveCfg = AppStore|iPhone
		{32F562A3-9B8E-43D0-B74B-B5C190003430}.AppStore|iPhone.ActiveCfg = AppStore|iPhone
		{32F562A3-9B8E-43D0-B74B-B5C190003430}.AppStore|iPhone.Build.0 = AppStore|iPhone
		{32F562A3-9B8E-43D0-B74B-B5C190003430}.AppStore|iPhoneSimulator.ActiveCfg = AppStore|iPhoneSimulator
		{32F562A3-9B8E-43D0-B74B-B5C190003430}.AppStore|iPhoneSimulator.Build.0 = AppStore|iPhoneSimulator
		{32F562A3-9B8E-43D0-B74B-B5C190003430}.Debug|Any CPU.ActiveCfg = Debug|iPhone
		{32F562A3-9B8E-43D0-B74B-B5C190003430}.Debug|iPhone.ActiveCfg = Debug|iPhone
		{32F562A3-9B8E-43D0-B74B-B5C190003430}.Debug|iPhone.Build.0 = Debug|iPhone
		{32F562A3-9B8E-43D0-B74B-B5C190003430}.Debug|iPhoneSimulator.ActiveCfg = Debug|iPhoneSimulator
		{32F562A3-9B8E-43D0-B74B-B5C190003430}.Debug|iPhoneSimulator.Build.0 = Debug|iPhoneSimulator
		{32F562A3-9B8E-43D0-B74B-B5C190003430}.Release|Any CPU.ActiveCfg = Release|iPhone
		{32F562A3-9B8E-43D0-B74B-B5C190003430}.Release|iPhone.ActiveCfg = Release|iPhone
		{32F562A3-9B8E-43D0-B74B-B5C190003430}.Release|iPhone.Build.0 = Release|iPhone
		{32F562A3-9B8E-43D0-B74B-B5C190003430}.Release|iPhoneSimulator.ActiveCfg = Release|iPhoneSimulator
		{32F562A3-9B8E-43D0-B74B-B5C190003430}.Release|iPhoneSimulator.Build.0 = Release|iPhoneSimulator
		{78BC24DA-10DF-479B-A783-9204907832C5}.Ad-Hoc|Any CPU.ActiveCfg = Release|Any CPU
		{78BC24DA-10DF-479B-A783-9204907832C5}.Ad-Hoc|Any CPU.Build.0 = Release|Any CPU
		{78BC24DA-10DF-479B-A783-9204907832C5}.Ad-Hoc|Any CPU.Deploy.0 = Release|Any CPU
		{78BC24DA-10DF-479B-A783-9204907832C5}.Ad-Hoc|iPhone.ActiveCfg = Release|Any CPU
		{78BC24DA-10DF-479B-A783-9204907832C5}.Ad-Hoc|iPhone.Build.0 = Release|Any CPU
		{78BC24DA-10DF-479B-A783-9204907832C5}.Ad-Hoc|iPhone.Deploy.0 = Release|Any CPU
		{78BC24DA-10DF-479B-A783-9204907832C5}.Ad-Hoc|iPhoneSimulator.ActiveCfg = Release|Any CPU
		{78BC24DA-10DF-479B-A783-9204907832C5}.Ad-Hoc|iPhoneSimulator.Build.0 = Release|Any CPU
		{78BC24DA-10DF-479B-A783-9204907832C5}.Ad-Hoc|iPhoneSimulator.Deploy.0 = Release|Any CPU
		{78BC24DA-10DF-479B-A783-9204907832C5}.AppStore|Any CPU.ActiveCfg = Release|Any CPU
		{78BC24DA-10DF-479B-A783-9204907832C5}.AppStore|Any CPU.Build.0 = Release|Any CPU
		{78BC24DA-10DF-479B-A783-9204907832C5}.AppStore|Any CPU.Deploy.0 = Release|Any CPU
		{78BC24DA-10DF-479B-A783-9204907832C5}.AppStore|iPhone.ActiveCfg = Release|Any CPU
		{78BC24DA-10DF-479B-A783-9204907832C5}.AppStore|iPhone.Build.0 = Release|Any CPU
		{78BC24DA-10DF-479B-A783-9204907832C5}.AppStore|iPhone.Deploy.0 = Release|Any CPU
		{78BC24DA-10DF-479B-A783-9204907832C5}.AppStore|iPhoneSimulator.ActiveCfg = Release|Any CPU
		{78BC24DA-10DF-479B-A783-9204907832C5}.AppStore|iPhoneSimulator.Build.0 = Release|Any CPU
		{78BC24DA-10DF-479B-A783-9204907832C5}.AppStore|iPhoneSimulator.Deploy.0 = Release|Any CPU
		{78BC24DA-10DF-479B-A783-9204907832C5}.Debug|Any CPU.ActiveCfg = Debug|Any CPU
		{78BC24DA-10DF-479B-A783-9204907832C5}.Debug|Any CPU.Build.0 = Debug|Any CPU
		{78BC24DA-10DF-479B-A783-9204907832C5}.Debug|Any CPU.Deploy.0 = Debug|Any CPU
		{78BC24DA-10DF-479B-A783-9204907832C5}.Debug|iPhone.ActiveCfg = Debug|Any CPU
		{78BC24DA-10DF-479B-A783-9204907832C5}.Debug|iPhone.Build.0 = Debug|Any CPU
		{78BC24DA-10DF-479B-A783-9204907832C5}.Debug|iPhone.Deploy.0 = Debug|Any CPU
		{78BC24DA-10DF-479B-A783-9204907832C5}.Debug|iPhoneSimulator.ActiveCfg = Debug|Any CPU
		{78BC24DA-10DF-479B-A783-9204907832C5}.Debug|iPhoneSimulator.Build.0 = Debug|Any CPU
		{78BC24DA-10DF-479B-A783-9204907832C5}.Debug|iPhoneSimulator.Deploy.0 = Debug|Any CPU
		{78BC24DA-10DF-479B-A783-9204907832C5}.Release|Any CPU.ActiveCfg = Release|Any CPU
		{78BC24DA-10DF-479B-A783-9204907832C5}.Release|Any CPU.Build.0 = Release|Any CPU
		{78BC24DA-10DF-479B-A783-9204907832C5}.Release|Any CPU.Deploy.0 = Release|Any CPU
		{78BC24DA-10DF-479B-A783-9204907832C5}.Release|iPhone.ActiveCfg = Release|Any CPU
		{78BC24DA-10DF-479B-A783-9204907832C5}.Release|iPhone.Build.0 = Release|Any CPU
		{78BC24DA-10DF-479B-A783-9204907832C5}.Release|iPhone.Deploy.0 = Release|Any CPU
		{78BC24DA-10DF-479B-A783-9204907832C5}.Release|iPhoneSimulator.ActiveCfg = Release|Any CPU
		{78BC24DA-10DF-479B-A783-9204907832C5}.Release|iPhoneSimulator.Build.0 = Release|Any CPU
		{78BC24DA-10DF-479B-A783-9204907832C5}.Release|iPhoneSimulator.Deploy.0 = Release|Any CPU
	EndGlobalSection
	GlobalSection(SolutionProperties) = preSolution
		HideSolutionNode = FALSE
	EndGlobalSection
	GlobalSection(ExtensibilityGlobals) = postSolution
		SolutionGuid = {E7A97E3E-83B7-4D06-B3A1-31390A40A94A}
	EndGlobalSection
EndGlobal
